{
  "name": "@o-biotech/lcu-biotech-iot-launch-control",
  "version": "0.0.26",
  "lockfileVersion": 3,
  "requires": true,
  "packages": {
    "": {
      "name": "@o-biotech/lcu-biotech-iot-launch-control",
      "version": "0.0.26",
      "license": "MIT",
      "dependencies": {
        "@o-biotech/lcu-biotech-iot-launch-control": "^0.0.5"
      }
    },
    "node_modules/@o-biotech/lcu-biotech-iot-launch-control": {
      "version": "0.0.5",
      "resolved": "https://registry.npmjs.org/@o-biotech/lcu-biotech-iot-launch-control/-/lcu-biotech-iot-launch-control-0.0.5.tgz",
      "integrity": "sha512-eYX9WAOqphe+g+3y//uAGVuFZbFXXY+w9c4PlBxXpPu5h2DdCvoQABTXrhID4+7Ro5ue/x32xIqyXsA9btx1FQ=="
    }
  }
}
